{
  "name": "ask-her-out",
  "lockfileVersion": 3,
  "requires": true,
  "packages": {
    "": {
      "dependencies": {
        "flagsmith": "^3.24.0"
      }
    },
    "node_modules/flagsmith": {
      "version": "3.24.0",
      "resolved": "https://registry.npmjs.org/flagsmith/-/flagsmith-3.24.0.tgz",
      "integrity": "sha512-X+ELfgra30d6zsgwyr4OkS3juT3+xsnCuPZLwHbBrOmh5b+KN/28ZbpqAH8YI5jRjJ7Z6AxfK1zGFIt82kXINA=="
    }
  }
}
